
Microsoft Visual Studio Solution File, Format Version 12.00
# Visual Studio Version 17
VisualStudioVersion = 17.9.34622.214
MinimumVisualStudioVersion = 10.0.40219.1
Project("{FAE04EC0-301F-11D3-BF4B-00C04F79EFBC}") = "Semana03", "Semana03\Semana03.csproj", "{38A9075E-DAC1-4A38-B06C-F11F2BF0EF15}"
EndProject
Project("{2150E333-8FDC-42A3-9474-1A3956D46DE8}") = "Solution Items", "Solution Items", "{ABC72C51-1BE4-4395-AFD6-C24156BE0F42}"
	ProjectSection(SolutionItems) = preProject
		.editorconfig = .editorconfig
	EndProjectSection
EndProject
Global
	GlobalSection(SolutionConfigurationPlatforms) = preSolution
		Debug|Any CPU = Debug|Any CPU
		Release|Any CPU = Release|Any CPU
	EndGlobalSection
	GlobalSection(ProjectConfigurationPlatforms) = postSolution
		{38A9075E-DAC1-4A38-B06C-F11F2BF0EF15}.Debug|Any CPU.ActiveCfg = Debug|Any CPU
		{38A9075E-DAC1-4A38-B06C-F11F2BF0EF15}.Debug|Any CPU.Build.0 = Debug|Any CPU
		{38A9075E-DAC1-4A38-B06C-F11F2BF0EF15}.Release|Any CPU.ActiveCfg = Release|Any CPU
		{38A9075E-DAC1-4A38-B06C-F11F2BF0EF15}.Release|Any CPU.Build.0 = Release|Any CPU
	EndGlobalSection
	GlobalSection(SolutionProperties) = preSolution
		HideSolutionNode = FALSE
	EndGlobalSection
	GlobalSection(ExtensibilityGlobals) = postSolution
		SolutionGuid = {6AE90A59-7484-4386-8BB6-F03EB2AD4E8D}
	EndGlobalSection
EndGlobal
